
Microsoft Visual Studio Solution File, Format Version 12.00
# Visual Studio 15
VisualStudioVersion = 15.0.27703.2047
MinimumVisualStudioVersion = 10.0.40219.1
Project("{FAE04EC0-301F-11D3-BF4B-00C04F79EFBC}") = "CaixaEletronico", "CaixaEletronico\CaixaEletronico.csproj", "{510E707E-D2AD-4151-9123-C0492D95C2CF}"
EndProject
Global
	GlobalSection(SolutionConfigurationPlatforms) = preSolution
		Debug|Any CPU = Debug|Any CPU
		Release|Any CPU = Release|Any CPU
	EndGlobalSection
	GlobalSection(ProjectConfigurationPlatforms) = postSolution
		{510E707E-D2AD-4151-9123-C0492D95C2CF}.Debug|Any CPU.ActiveCfg = Debug|Any CPU
		{510E707E-D2AD-4151-9123-C0492D95C2CF}.Debug|Any CPU.Build.0 = Debug|Any CPU
		{510E707E-D2AD-4151-9123-C0492D95C2CF}.Release|Any CPU.ActiveCfg = Release|Any CPU
		{510E707E-D2AD-4151-9123-C0492D95C2CF}.Release|Any CPU.Build.0 = Release|Any CPU
	EndGlobalSection
	GlobalSection(SolutionProperties) = preSolution
		HideSolutionNode = FALSE
	EndGlobalSection
	GlobalSection(ExtensibilityGlobals) = postSolution
		SolutionGuid = {305B69A6-88B6-419E-9145-CD845CA4A66A}
	EndGlobalSection
EndGlobal
